// !$*UTF8*$!
{
	archiveVersion = 1;
	classes = {
	};
	objectVersion = 55;
	objects = {

/* Begin PBXBuildFile section */
		7FA04D3D290FA95F00FCDEF4 /* Assets.xcassets in Resources */ = {isa = PBXBuildFile; fileRef = 7FA04D3C290FA95F00FCDEF4 /* Assets.xcassets */; };
		7FA04D40290FA95F00FCDEF4 /* LaunchScreen.storyboard in Resources */ = {isa = PBXBuildFile; fileRef = 7FA04D3E290FA95F00FCDEF4 /* LaunchScreen.storyboard */; };
		7FA04D58290FA9AC00FCDEF4 /* AppComponent.swift in Sources */ = {isa = PBXBuildFile; fileRef = 7FA04D56290FA9AC00FCDEF4 /* AppComponent.swift */; };
		7FA04D59290FA9AC00FCDEF4 /* AppDelegate.swift in Sources */ = {isa = PBXBuildFile; fileRef = 7FA04D57290FA9AC00FCDEF4 /* AppDelegate.swift */; };
		7FA04D82290FA9B600FCDEF4 /* AppHomeInteractor.swift in Sources */ = {isa = PBXBuildFile; fileRef = 7FA04D5B290FA9B600FCDEF4 /* AppHomeInteractor.swift */; };
		7FA04D83290FA9B600FCDEF4 /* AppHomeRouter.swift in Sources */ = {isa = PBXBuildFile; fileRef = 7FA04D5C290FA9B600FCDEF4 /* AppHomeRouter.swift */; };
		7FA04D84290FA9B600FCDEF4 /* AppHomeBuilder.swift in Sources */ = {isa = PBXBuildFile; fileRef = 7FA04D5D290FA9B600FCDEF4 /* AppHomeBuilder.swift */; };
		7FA04D85290FA9B600FCDEF4 /* HomeWidgetModel.swift in Sources */ = {isa = PBXBuildFile; fileRef = 7FA04D5E290FA9B600FCDEF4 /* HomeWidgetModel.swift */; };
		7FA04D86290FA9B600FCDEF4 /* HomeWidgetView.swift in Sources */ = {isa = PBXBuildFile; fileRef = 7FA04D60290FA9B600FCDEF4 /* HomeWidgetView.swift */; };
		7FA04D87290FA9B600FCDEF4 /* AppHomeViewController.swift in Sources */ = {isa = PBXBuildFile; fileRef = 7FA04D61290FA9B600FCDEF4 /* AppHomeViewController.swift */; };
		7FA04D88290FA9B600FCDEF4 /* ProfileHomeRouter.swift in Sources */ = {isa = PBXBuildFile; fileRef = 7FA04D63290FA9B600FCDEF4 /* ProfileHomeRouter.swift */; };
		7FA04D89290FA9B600FCDEF4 /* ProfileHomeBuilder.swift in Sources */ = {isa = PBXBuildFile; fileRef = 7FA04D64290FA9B600FCDEF4 /* ProfileHomeBuilder.swift */; };
		7FA04D8A290FA9B600FCDEF4 /* ProfileHomeViewController.swift in Sources */ = {isa = PBXBuildFile; fileRef = 7FA04D65290FA9B600FCDEF4 /* ProfileHomeViewController.swift */; };
		7FA04D8B290FA9B600FCDEF4 /* ProfileHomeInteractor.swift in Sources */ = {isa = PBXBuildFile; fileRef = 7FA04D66290FA9B600FCDEF4 /* ProfileHomeInteractor.swift */; };
		7FA04D8C290FA9B600FCDEF4 /* TransportHomeViewController.swift in Sources */ = {isa = PBXBuildFile; fileRef = 7FA04D68290FA9B600FCDEF4 /* TransportHomeViewController.swift */; };
		7FA04D8D290FA9B600FCDEF4 /* TransportHomeRouter.swift in Sources */ = {isa = PBXBuildFile; fileRef = 7FA04D69290FA9B600FCDEF4 /* TransportHomeRouter.swift */; };
		7FA04D8E290FA9B600FCDEF4 /* TransportHomeBuilder.swift in Sources */ = {isa = PBXBuildFile; fileRef = 7FA04D6A290FA9B600FCDEF4 /* TransportHomeBuilder.swift */; };
		7FA04D8F290FA9B600FCDEF4 /* TransportHomeInteractor.swift in Sources */ = {isa = PBXBuildFile; fileRef = 7FA04D6B290FA9B600FCDEF4 /* TransportHomeInteractor.swift */; };
		7FA04D90290FA9B600FCDEF4 /* RideTypeView.swift in Sources */ = {isa = PBXBuildFile; fileRef = 7FA04D6D290FA9B600FCDEF4 /* RideTypeView.swift */; };
		7FA04D91290FA9B600FCDEF4 /* SuperPayView.swift in Sources */ = {isa = PBXBuildFile; fileRef = 7FA04D6E290FA9B600FCDEF4 /* SuperPayView.swift */; };
		7FA04D92290FA9B600FCDEF4 /* FinanceHomeRouter.swift in Sources */ = {isa = PBXBuildFile; fileRef = 7FA04D70290FA9B600FCDEF4 /* FinanceHomeRouter.swift */; };
		7FA04D93290FA9B600FCDEF4 /* FinanceHomeInteractor.swift in Sources */ = {isa = PBXBuildFile; fileRef = 7FA04D71290FA9B600FCDEF4 /* FinanceHomeInteractor.swift */; };
		7FA04D94290FA9B600FCDEF4 /* FinanceHomeViewController.swift in Sources */ = {isa = PBXBuildFile; fileRef = 7FA04D72290FA9B600FCDEF4 /* FinanceHomeViewController.swift */; };
		7FA04D95290FA9B600FCDEF4 /* FinanceHomeBuilder.swift in Sources */ = {isa = PBXBuildFile; fileRef = 7FA04D73290FA9B600FCDEF4 /* FinanceHomeBuilder.swift */; };
		7FA04D96290FA9B600FCDEF4 /* PushModalPresentationController.swift in Sources */ = {isa = PBXBuildFile; fileRef = 7FA04D75290FA9B600FCDEF4 /* PushModalPresentationController.swift */; };
		7FA04D97290FA9B600FCDEF4 /* UIColor+Super.swift in Sources */ = {isa = PBXBuildFile; fileRef = 7FA04D76290FA9B600FCDEF4 /* UIColor+Super.swift */; };
		7FA04D98290FA9B600FCDEF4 /* UIView+Utils.swift in Sources */ = {isa = PBXBuildFile; fileRef = 7FA04D77290FA9B600FCDEF4 /* UIView+Utils.swift */; };
		7FA04D99290FA9B600FCDEF4 /* UIColor+Utils.swift in Sources */ = {isa = PBXBuildFile; fileRef = 7FA04D78290FA9B600FCDEF4 /* UIColor+Utils.swift */; };
		7FA04D9A290FA9B600FCDEF4 /* RIBs+Utils.swift in Sources */ = {isa = PBXBuildFile; fileRef = 7FA04D79290FA9B600FCDEF4 /* RIBs+Utils.swift */; };
		7FA04D9B290FA9B600FCDEF4 /* UITableView+Utils.swift in Sources */ = {isa = PBXBuildFile; fileRef = 7FA04D7A290FA9B600FCDEF4 /* UITableView+Utils.swift */; };
		7FA04D9C290FA9B600FCDEF4 /* Array+Utils.swift in Sources */ = {isa = PBXBuildFile; fileRef = 7FA04D7B290FA9B600FCDEF4 /* Array+Utils.swift */; };
		7FA04D9D290FA9B600FCDEF4 /* UIImage+Utils.swift in Sources */ = {isa = PBXBuildFile; fileRef = 7FA04D7C290FA9B600FCDEF4 /* UIImage+Utils.swift */; };
		7FA04D9E290FA9B600FCDEF4 /* AppRootInteractor.swift in Sources */ = {isa = PBXBuildFile; fileRef = 7FA04D7E290FA9B600FCDEF4 /* AppRootInteractor.swift */; };
		7FA04D9F290FA9B600FCDEF4 /* AppRootBuilder.swift in Sources */ = {isa = PBXBuildFile; fileRef = 7FA04D7F290FA9B600FCDEF4 /* AppRootBuilder.swift */; };
		7FA04DA0290FA9B600FCDEF4 /* RootTabBarController.swift in Sources */ = {isa = PBXBuildFile; fileRef = 7FA04D80290FA9B600FCDEF4 /* RootTabBarController.swift */; };
		7FA04DA1290FA9B600FCDEF4 /* AppRootRouter.swift in Sources */ = {isa = PBXBuildFile; fileRef = 7FA04D81290FA9B600FCDEF4 /* AppRootRouter.swift */; };
		7FA04DA4290FAA8B00FCDEF4 /* ModernRIBs in Frameworks */ = {isa = PBXBuildFile; productRef = 7FA04DA3290FAA8B00FCDEF4 /* ModernRIBs */; };
/* End PBXBuildFile section */

/* Begin PBXFileReference section */
		7FA04D30290FA95D00FCDEF4 /* TaxiApp.app */ = {isa = PBXFileReference; explicitFileType = wrapper.application; includeInIndex = 0; path = TaxiApp.app; sourceTree = BUILT_PRODUCTS_DIR; };
		7FA04D3C290FA95F00FCDEF4 /* Assets.xcassets */ = {isa = PBXFileReference; lastKnownFileType = folder.assetcatalog; path = Assets.xcassets; sourceTree = "<group>"; };
		7FA04D3F290FA95F00FCDEF4 /* Base */ = {isa = PBXFileReference; lastKnownFileType = file.storyboard; name = Base; path = Base.lproj/LaunchScreen.storyboard; sourceTree = "<group>"; };
		7FA04D41290FA95F00FCDEF4 /* Info.plist */ = {isa = PBXFileReference; lastKnownFileType = text.plist.xml; path = Info.plist; sourceTree = "<group>"; };
		7FA04D56290FA9AC00FCDEF4 /* AppComponent.swift */ = {isa = PBXFileReference; fileEncoding = 4; lastKnownFileType = sourcecode.swift; path = AppComponent.swift; sourceTree = "<group>"; };
		7FA04D57290FA9AC00FCDEF4 /* AppDelegate.swift */ = {isa = PBXFileReference; fileEncoding = 4; lastKnownFileType = sourcecode.swift; path = AppDelegate.swift; sourceTree = "<group>"; };
		7FA04D5B290FA9B600FCDEF4 /* AppHomeInteractor.swift */ = {isa = PBXFileReference; fileEncoding = 4; lastKnownFileType = sourcecode.swift; path = AppHomeInteractor.swift; sourceTree = "<group>"; };
		7FA04D5C290FA9B600FCDEF4 /* AppHomeRouter.swift */ = {isa = PBXFileReference; fileEncoding = 4; lastKnownFileType = sourcecode.swift; path = AppHomeRouter.swift; sourceTree = "<group>"; };
		7FA04D5D290FA9B600FCDEF4 /* AppHomeBuilder.swift */ = {isa = PBXFileReference; fileEncoding = 4; lastKnownFileType = sourcecode.swift; path = AppHomeBuilder.swift; sourceTree = "<group>"; };
		7FA04D5E290FA9B600FCDEF4 /* HomeWidgetModel.swift */ = {isa = PBXFileReference; fileEncoding = 4; lastKnownFileType = sourcecode.swift; path = HomeWidgetModel.swift; sourceTree = "<group>"; };
		7FA04D60290FA9B600FCDEF4 /* HomeWidgetView.swift */ = {isa = PBXFileReference; fileEncoding = 4; lastKnownFileType = sourcecode.swift; path = HomeWidgetView.swift; sourceTree = "<group>"; };
		7FA04D61290FA9B600FCDEF4 /* AppHomeViewController.swift */ = {isa = PBXFileReference; fileEncoding = 4; lastKnownFileType = sourcecode.swift; path = AppHomeViewController.swift; sourceTree = "<group>"; };
		7FA04D63290FA9B600FCDEF4 /* ProfileHomeRouter.swift */ = {isa = PBXFileReference; fileEncoding = 4; lastKnownFileType = sourcecode.swift; path = ProfileHomeRouter.swift; sourceTree = "<group>"; };
		7FA04D64290FA9B600FCDEF4 /* ProfileHomeBuilder.swift */ = {isa = PBXFileReference; fileEncoding = 4; lastKnownFileType = sourcecode.swift; path = ProfileHomeBuilder.swift; sourceTree = "<group>"; };
		7FA04D65290FA9B600FCDEF4 /* ProfileHomeViewController.swift */ = {isa = PBXFileReference; fileEncoding = 4; lastKnownFileType = sourcecode.swift; path = ProfileHomeViewController.swift; sourceTree = "<group>"; };
		7FA04D66290FA9B600FCDEF4 /* ProfileHomeInteractor.swift */ = {isa = PBXFileReference; fileEncoding = 4; lastKnownFileType = sourcecode.swift; path = ProfileHomeInteractor.swift; sourceTree = "<group>"; };
		7FA04D68290FA9B600FCDEF4 /* TransportHomeViewController.swift */ = {isa = PBXFileReference; fileEncoding = 4; lastKnownFileType = sourcecode.swift; path = TransportHomeViewController.swift; sourceTree = "<group>"; };
		7FA04D69290FA9B600FCDEF4 /* TransportHomeRouter.swift */ = {isa = PBXFileReference; fileEncoding = 4; lastKnownFileType = sourcecode.swift; path = TransportHomeRouter.swift; sourceTree = "<group>"; };
		7FA04D6A290FA9B600FCDEF4 /* TransportHomeBuilder.swift */ = {isa = PBXFileReference; fileEncoding = 4; lastKnownFileType = sourcecode.swift; path = TransportHomeBuilder.swift; sourceTree = "<group>"; };
		7FA04D6B290FA9B600FCDEF4 /* TransportHomeInteractor.swift */ = {isa = PBXFileReference; fileEncoding = 4; lastKnownFileType = sourcecode.swift; path = TransportHomeInteractor.swift; sourceTree = "<group>"; };
		7FA04D6D290FA9B600FCDEF4 /* RideTypeView.swift */ = {isa = PBXFileReference; fileEncoding = 4; lastKnownFileType = sourcecode.swift; path = RideTypeView.swift; sourceTree = "<group>"; };
		7FA04D6E290FA9B600FCDEF4 /* SuperPayView.swift */ = {isa = PBXFileReference; fileEncoding = 4; lastKnownFileType = sourcecode.swift; path = SuperPayView.swift; sourceTree = "<group>"; };
		7FA04D70290FA9B600FCDEF4 /* FinanceHomeRouter.swift */ = {isa = PBXFileReference; fileEncoding = 4; lastKnownFileType = sourcecode.swift; path = FinanceHomeRouter.swift; sourceTree = "<group>"; };
		7FA04D71290FA9B600FCDEF4 /* FinanceHomeInteractor.swift */ = {isa = PBXFileReference; fileEncoding = 4; lastKnownFileType = sourcecode.swift; path = FinanceHomeInteractor.swift; sourceTree = "<group>"; };
		7FA04D72290FA9B600FCDEF4 /* FinanceHomeViewController.swift */ = {isa = PBXFileReference; fileEncoding = 4; lastKnownFileType = sourcecode.swift; path = FinanceHomeViewController.swift; sourceTree = "<group>"; };
		7FA04D73290FA9B600FCDEF4 /* FinanceHomeBuilder.swift */ = {isa = PBXFileReference; fileEncoding = 4; lastKnownFileType = sourcecode.swift; path = FinanceHomeBuilder.swift; sourceTree = "<group>"; };
		7FA04D75290FA9B600FCDEF4 /* PushModalPresentationController.swift */ = {isa = PBXFileReference; fileEncoding = 4; lastKnownFileType = sourcecode.swift; path = PushModalPresentationController.swift; sourceTree = "<group>"; };
		7FA04D76290FA9B600FCDEF4 /* UIColor+Super.swift */ = {isa = PBXFileReference; fileEncoding = 4; lastKnownFileType = sourcecode.swift; path = "UIColor+Super.swift"; sourceTree = "<group>"; };
		7FA04D77290FA9B600FCDEF4 /* UIView+Utils.swift */ = {isa = PBXFileReference; fileEncoding = 4; lastKnownFileType = sourcecode.swift; path = "UIView+Utils.swift"; sourceTree = "<group>"; };
		7FA04D78290FA9B600FCDEF4 /* UIColor+Utils.swift */ = {isa = PBXFileReference; fileEncoding = 4; lastKnownFileType = sourcecode.swift; path = "UIColor+Utils.swift"; sourceTree = "<group>"; };
		7FA04D79290FA9B600FCDEF4 /* RIBs+Utils.swift */ = {isa = PBXFileReference; fileEncoding = 4; lastKnownFileType = sourcecode.swift; path = "RIBs+Utils.swift"; sourceTree = "<group>"; };
		7FA04D7A290FA9B600FCDEF4 /* UITableView+Utils.swift */ = {isa = PBXFileReference; fileEncoding = 4; lastKnownFileType = sourcecode.swift; path = "UITableView+Utils.swift"; sourceTree = "<group>"; };
		7FA04D7B290FA9B600FCDEF4 /* Array+Utils.swift */ = {isa = PBXFileReference; fileEncoding = 4; lastKnownFileType = sourcecode.swift; path = "Array+Utils.swift"; sourceTree = "<group>"; };
		7FA04D7C290FA9B600FCDEF4 /* UIImage+Utils.swift */ = {isa = PBXFileReference; fileEncoding = 4; lastKnownFileType = sourcecode.swift; path = "UIImage+Utils.swift"; sourceTree = "<group>"; };
		7FA04D7E290FA9B600FCDEF4 /* AppRootInteractor.swift */ = {isa = PBXFileReference; fileEncoding = 4; lastKnownFileType = sourcecode.swift; path = AppRootInteractor.swift; sourceTree = "<group>"; };
		7FA04D7F290FA9B600FCDEF4 /* AppRootBuilder.swift */ = {isa = PBXFileReference; fileEncoding = 4; lastKnownFileType = sourcecode.swift; path = AppRootBuilder.swift; sourceTree = "<group>"; };
		7FA04D80290FA9B600FCDEF4 /* RootTabBarController.swift */ = {isa = PBXFileReference; fileEncoding = 4; lastKnownFileType = sourcecode.swift; path = RootTabBarController.swift; sourceTree = "<group>"; };
		7FA04D81290FA9B600FCDEF4 /* AppRootRouter.swift */ = {isa = PBXFileReference; fileEncoding = 4; lastKnownFileType = sourcecode.swift; path = AppRootRouter.swift; sourceTree = "<group>"; };
/* End PBXFileReference section */

/* Begin PBXFrameworksBuildPhase section */
		7FA04D2D290FA95D00FCDEF4 /* Frameworks */ = {
			isa = PBXFrameworksBuildPhase;
			buildActionMask = 2147483647;
			files = (
				7FA04DA4290FAA8B00FCDEF4 /* ModernRIBs in Frameworks */,
			);
			runOnlyForDeploymentPostprocessing = 0;
		};
/* End PBXFrameworksBuildPhase section */

/* Begin PBXGroup section */
		7FA04D27290FA95D00FCDEF4 = {
			isa = PBXGroup;
			children = (
				7FA04D32290FA95D00FCDEF4 /* TaxiApp */,
				7FA04D31290FA95D00FCDEF4 /* Products */,
			);
			sourceTree = "<group>";
		};
		7FA04D31290FA95D00FCDEF4 /* Products */ = {
			isa = PBXGroup;
			children = (
				7FA04D30290FA95D00FCDEF4 /* TaxiApp.app */,
			);
			name = Products;
			sourceTree = "<group>";
		};
		7FA04D32290FA95D00FCDEF4 /* TaxiApp */ = {
			isa = PBXGroup;
			children = (
				7FA04D55290FA9AC00FCDEF4 /* AppDelegate */,
				7FA04D5A290FA9B600FCDEF4 /* AppHome */,
				7FA04D7D290FA9B600FCDEF4 /* AppRoot */,
				7FA04D6F290FA9B600FCDEF4 /* FinanceHome */,
				7FA04D62290FA9B600FCDEF4 /* ProfileHome */,
				7FA04D67290FA9B600FCDEF4 /* TransportHome */,
				7FA04D74290FA9B600FCDEF4 /* Utils */,
				7FA04D3C290FA95F00FCDEF4 /* Assets.xcassets */,
				7FA04D3E290FA95F00FCDEF4 /* LaunchScreen.storyboard */,
				7FA04D41290FA95F00FCDEF4 /* Info.plist */,
			);
			path = TaxiApp;
			sourceTree = "<group>";
		};
		7FA04D55290FA9AC00FCDEF4 /* AppDelegate */ = {
			isa = PBXGroup;
			children = (
				7FA04D56290FA9AC00FCDEF4 /* AppComponent.swift */,
				7FA04D57290FA9AC00FCDEF4 /* AppDelegate.swift */,
			);
			name = AppDelegate;
			path = "../../MiniSuperApp-fastcampus/MiniSuperApp/AppDelegate";
			sourceTree = "<group>";
		};
		7FA04D5A290FA9B600FCDEF4 /* AppHome */ = {
			isa = PBXGroup;
			children = (
				7FA04D5B290FA9B600FCDEF4 /* AppHomeInteractor.swift */,
				7FA04D5C290FA9B600FCDEF4 /* AppHomeRouter.swift */,
				7FA04D5D290FA9B600FCDEF4 /* AppHomeBuilder.swift */,
				7FA04D5E290FA9B600FCDEF4 /* HomeWidgetModel.swift */,
				7FA04D5F290FA9B600FCDEF4 /* Views */,
				7FA04D61290FA9B600FCDEF4 /* AppHomeViewController.swift */,
			);
			name = AppHome;
			path = "../../MiniSuperApp-fastcampus/MiniSuperApp/AppHome";
			sourceTree = "<group>";
		};
		7FA04D5F290FA9B600FCDEF4 /* Views */ = {
			isa = PBXGroup;
			children = (
				7FA04D60290FA9B600FCDEF4 /* HomeWidgetView.swift */,
			);
			path = Views;
			sourceTree = "<group>";
		};
		7FA04D62290FA9B600FCDEF4 /* ProfileHome */ = {
			isa = PBXGroup;
			children = (
				7FA04D63290FA9B600FCDEF4 /* ProfileHomeRouter.swift */,
				7FA04D64290FA9B600FCDEF4 /* ProfileHomeBuilder.swift */,
				7FA04D65290FA9B600FCDEF4 /* ProfileHomeViewController.swift */,
				7FA04D66290FA9B600FCDEF4 /* ProfileHomeInteractor.swift */,
			);
			name = ProfileHome;
			path = "../../MiniSuperApp-fastcampus/MiniSuperApp/ProfileHome";
			sourceTree = "<group>";
		};
		7FA04D67290FA9B600FCDEF4 /* TransportHome */ = {
			isa = PBXGroup;
			children = (
				7FA04D68290FA9B600FCDEF4 /* TransportHomeViewController.swift */,
				7FA04D69290FA9B600FCDEF4 /* TransportHomeRouter.swift */,
				7FA04D6A290FA9B600FCDEF4 /* TransportHomeBuilder.swift */,
				7FA04D6B290FA9B600FCDEF4 /* TransportHomeInteractor.swift */,
				7FA04D6C290FA9B600FCDEF4 /* Views */,
			);
			name = TransportHome;
			path = "../../MiniSuperApp-fastcampus/MiniSuperApp/TransportHome";
			sourceTree = "<group>";
		};
		7FA04D6C290FA9B600FCDEF4 /* Views */ = {
			isa = PBXGroup;
			children = (
				7FA04D6D290FA9B600FCDEF4 /* RideTypeView.swift */,
				7FA04D6E290FA9B600FCDEF4 /* SuperPayView.swift */,
			);
			path = Views;
			sourceTree = "<group>";
		};
		7FA04D6F290FA9B600FCDEF4 /* FinanceHome */ = {
			isa = PBXGroup;
			children = (
				7FA04D70290FA9B600FCDEF4 /* FinanceHomeRouter.swift */,
				7FA04D71290FA9B600FCDEF4 /* FinanceHomeInteractor.swift */,
				7FA04D72290FA9B600FCDEF4 /* FinanceHomeViewController.swift */,
				7FA04D73290FA9B600FCDEF4 /* FinanceHomeBuilder.swift */,
			);
			name = FinanceHome;
			path = "../../MiniSuperApp-fastcampus/MiniSuperApp/FinanceHome";
			sourceTree = "<group>";
		};
		7FA04D74290FA9B600FCDEF4 /* Utils */ = {
			isa = PBXGroup;
			children = (
				7FA04D75290FA9B600FCDEF4 /* PushModalPresentationController.swift */,
				7FA04D76290FA9B600FCDEF4 /* UIColor+Super.swift */,
				7FA04D77290FA9B600FCDEF4 /* UIView+Utils.swift */,
				7FA04D78290FA9B600FCDEF4 /* UIColor+Utils.swift */,
				7FA04D79290FA9B600FCDEF4 /* RIBs+Utils.swift */,
				7FA04D7A290FA9B600FCDEF4 /* UITableView+Utils.swift */,
				7FA04D7B290FA9B600FCDEF4 /* Array+Utils.swift */,
				7FA04D7C290FA9B600FCDEF4 /* UIImage+Utils.swift */,
			);
			name = Utils;
			path = "../../MiniSuperApp-fastcampus/MiniSuperApp/Utils";
			sourceTree = "<group>";
		};
		7FA04D7D290FA9B600FCDEF4 /* AppRoot */ = {
			isa = PBXGroup;
			children = (
				7FA04D7E290FA9B600FCDEF4 /* AppRootInteractor.swift */,
				7FA04D7F290FA9B600FCDEF4 /* AppRootBuilder.swift */,
				7FA04D80290FA9B600FCDEF4 /* RootTabBarController.swift */,
				7FA04D81290FA9B600FCDEF4 /* AppRootRouter.swift */,
			);
			name = AppRoot;
			path = "../../MiniSuperApp-fastcampus/MiniSuperApp/AppRoot";
			sourceTree = "<group>";
		};
/* End PBXGroup section */

/* Begin PBXNativeTarget section */
		7FA04D2F290FA95D00FCDEF4 /* TaxiApp */ = {
			isa = PBXNativeTarget;
			buildConfigurationList = 7FA04D44290FA95F00FCDEF4 /* Build configuration list for PBXNativeTarget "TaxiApp" */;
			buildPhases = (
				7FA04D2C290FA95D00FCDEF4 /* Sources */,
				7FA04D2D290FA95D00FCDEF4 /* Frameworks */,
				7FA04D2E290FA95D00FCDEF4 /* Resources */,
			);
			buildRules = (
			);
			dependencies = (
			);
			name = TaxiApp;
			packageProductDependencies = (
				7FA04DA3290FAA8B00FCDEF4 /* ModernRIBs */,
			);
			productName = TaxiApp;
			productReference = 7FA04D30290FA95D00FCDEF4 /* TaxiApp.app */;
			productType = "com.apple.product-type.application";
		};
/* End PBXNativeTarget section */

/* Begin PBXProject section */
		7FA04D28290FA95D00FCDEF4 /* Project object */ = {
			isa = PBXProject;
			attributes = {
				BuildIndependentTargetsInParallel = 1;
				LastSwiftUpdateCheck = 1320;
				LastUpgradeCheck = 1320;
				TargetAttributes = {
					7FA04D2F290FA95D00FCDEF4 = {
						CreatedOnToolsVersion = 13.2.1;
					};
				};
			};
			buildConfigurationList = 7FA04D2B290FA95D00FCDEF4 /* Build configuration list for PBXProject "TaxiApp" */;
			compatibilityVersion = "Xcode 13.0";
			developmentRegion = en;
			hasScannedForEncodings = 0;
			knownRegions = (
				en,
				Base,
			);
			mainGroup = 7FA04D27290FA95D00FCDEF4;
			packageReferences = (
				7FA04DA2290FAA8B00FCDEF4 /* XCRemoteSwiftPackageReference "ModernRIBs" */,
			);
			productRefGroup = 7FA04D31290FA95D00FCDEF4 /* Products */;
			projectDirPath = "";
			projectRoot = "";
			targets = (
				7FA04D2F290FA95D00FCDEF4 /* TaxiApp */,
			);
		};
/* End PBXProject section */

/* Begin PBXResourcesBuildPhase section */
		7FA04D2E290FA95D00FCDEF4 /* Resources */ = {
			isa = PBXResourcesBuildPhase;
			buildActionMask = 2147483647;
			files = (
				7FA04D40290FA95F00FCDEF4 /* LaunchScreen.storyboard in Resources */,
				7FA04D3D290FA95F00FCDEF4 /* Assets.xcassets in Resources */,
			);
			runOnlyForDeploymentPostprocessing = 0;
		};
/* End PBXResourcesBuildPhase section */

/* Begin PBXSourcesBuildPhase section */
		7FA04D2C290FA95D00FCDEF4 /* Sources */ = {
			isa = PBXSourcesBuildPhase;
			buildActionMask = 2147483647;
			files = (
				7FA04D8E290FA9B600FCDEF4 /* TransportHomeBuilder.swift in Sources */,
				7FA04DA0290FA9B600FCDEF4 /* RootTabBarController.swift in Sources */,
				7FA04D84290FA9B600FCDEF4 /* AppHomeBuilder.swift in Sources */,
				7FA04D98290FA9B600FCDEF4 /* UIView+Utils.swift in Sources */,
				7FA04DA1290FA9B600FCDEF4 /* AppRootRouter.swift in Sources */,
				7FA04D95290FA9B600FCDEF4 /* FinanceHomeBuilder.swift in Sources */,
				7FA04D83290FA9B600FCDEF4 /* AppHomeRouter.swift in Sources */,
				7FA04D8C290FA9B600FCDEF4 /* TransportHomeViewController.swift in Sources */,
				7FA04D9C290FA9B600FCDEF4 /* Array+Utils.swift in Sources */,
				7FA04D85290FA9B600FCDEF4 /* HomeWidgetModel.swift in Sources */,
				7FA04D94290FA9B600FCDEF4 /* FinanceHomeViewController.swift in Sources */,
				7FA04D58290FA9AC00FCDEF4 /* AppComponent.swift in Sources */,
				7FA04D9D290FA9B600FCDEF4 /* UIImage+Utils.swift in Sources */,
				7FA04D9E290FA9B600FCDEF4 /* AppRootInteractor.swift in Sources */,
				7FA04D89290FA9B600FCDEF4 /* ProfileHomeBuilder.swift in Sources */,
				7FA04D8D290FA9B600FCDEF4 /* TransportHomeRouter.swift in Sources */,
				7FA04D9B290FA9B600FCDEF4 /* UITableView+Utils.swift in Sources */,
				7FA04D87290FA9B600FCDEF4 /* AppHomeViewController.swift in Sources */,
				7FA04D93290FA9B600FCDEF4 /* FinanceHomeInteractor.swift in Sources */,
				7FA04D9A290FA9B600FCDEF4 /* RIBs+Utils.swift in Sources */,
				7FA04D9F290FA9B600FCDEF4 /* AppRootBuilder.swift in Sources */,
				7FA04D59290FA9AC00FCDEF4 /* AppDelegate.swift in Sources */,
				7FA04D8F290FA9B600FCDEF4 /* TransportHomeInteractor.swift in Sources */,
				7FA04D86290FA9B600FCDEF4 /* HomeWidgetView.swift in Sources */,
				7FA04D90290FA9B600FCDEF4 /* RideTypeView.swift in Sources */,
				7FA04D88290FA9B600FCDEF4 /* ProfileHomeRouter.swift in Sources */,
				7FA04D97290FA9B600FCDEF4 /* UIColor+Super.swift in Sources */,
				7FA04D92290FA9B600FCDEF4 /* FinanceHomeRouter.swift in Sources */,
				7FA04D82290FA9B600FCDEF4 /* AppHomeInteractor.swift in Sources */,
				7FA04D8A290FA9B600FCDEF4 /* ProfileHomeViewController.swift in Sources */,
				7FA04D96290FA9B600FCDEF4 /* PushModalPresentationController.swift in Sources */,
				7FA04D91290FA9B600FCDEF4 /* SuperPayView.swift in Sources */,
				7FA04D8B290FA9B600FCDEF4 /* ProfileHomeInteractor.swift in Sources */,
				7FA04D99290FA9B600FCDEF4 /* UIColor+Utils.swift in Sources */,
			);
			runOnlyForDeploymentPostprocessing = 0;
		};
/* End PBXSourcesBuildPhase section */

/* Begin PBXVariantGroup section */
		7FA04D3E290FA95F00FCDEF4 /* LaunchScreen.storyboard */ = {
			isa = PBXVariantGroup;
			children = (
				7FA04D3F290FA95F00FCDEF4 /* Base */,
			);
			name = LaunchScreen.storyboard;
			sourceTree = "<group>";
		};
/* End PBXVariantGroup section */

/* Begin XCBuildConfiguration section */
		7FA04D42290FA95F00FCDEF4 /* Debug */ = {
			isa = XCBuildConfiguration;
			buildSettings = {
				ALWAYS_SEARCH_USER_PATHS = NO;
				CLANG_ANALYZER_NONNULL = YES;
				CLANG_ANALYZER_NUMBER_OBJECT_CONVERSION = YES_AGGRESSIVE;
				CLANG_CXX_LANGUAGE_STANDARD = "gnu++17";
				CLANG_CXX_LIBRARY = "libc++";
				CLANG_ENABLE_MODULES = YES;
				CLANG_ENABLE_OBJC_ARC = YES;
				CLANG_ENABLE_OBJC_WEAK = YES;
				CLANG_WARN_BLOCK_CAPTURE_AUTORELEASING = YES;
				CLANG_WARN_BOOL_CONVERSION = YES;
				CLANG_WARN_COMMA = YES;
				CLANG_WARN_CONSTANT_CONVERSION = YES;
				CLANG_WARN_DEPRECATED_OBJC_IMPLEMENTATIONS = YES;
				CLANG_WARN_DIRECT_OBJC_ISA_USAGE = YES_ERROR;
				CLANG_WARN_DOCUMENTATION_COMMENTS = YES;
				CLANG_WARN_EMPTY_BODY = YES;
				CLANG_WARN_ENUM_CONVERSION = YES;
				CLANG_WARN_INFINITE_RECURSION = YES;
				CLANG_WARN_INT_CONVERSION = YES;
				CLANG_WARN_NON_LITERAL_NULL_CONVERSION = YES;
				CLANG_WARN_OBJC_IMPLICIT_RETAIN_SELF = YES;
				CLANG_WARN_OBJC_LITERAL_CONVERSION = YES;
				CLANG_WARN_OBJC_ROOT_CLASS = YES_ERROR;
				CLANG_WARN_QUOTED_INCLUDE_IN_FRAMEWORK_HEADER = YES;
				CLANG_WARN_RANGE_LOOP_ANALYSIS = YES;
				CLANG_WARN_STRICT_PROTOTYPES = YES;
				CLANG_WARN_SUSPICIOUS_MOVE = YES;
				CLANG_WARN_UNGUARDED_AVAILABILITY = YES_AGGRESSIVE;
				CLANG_WARN_UNREACHABLE_CODE = YES;
				CLANG_WARN__DUPLICATE_METHOD_MATCH = YES;
				COPY_PHASE_STRIP = NO;
				DEBUG_INFORMATION_FORMAT = dwarf;
				ENABLE_STRICT_OBJC_MSGSEND = YES;
				ENABLE_TESTABILITY = YES;
				GCC_C_LANGUAGE_STANDARD = gnu11;
				GCC_DYNAMIC_NO_PIC = NO;
				GCC_NO_COMMON_BLOCKS = YES;
				GCC_OPTIMIZATION_LEVEL = 0;
				GCC_PREPROCESSOR_DEFINITIONS = (
					"DEBUG=1",
					"$(inherited)",
				);
				GCC_WARN_64_TO_32_BIT_CONVERSION = YES;
				GCC_WARN_ABOUT_RETURN_TYPE = YES_ERROR;
				GCC_WARN_UNDECLARED_SELECTOR = YES;
				GCC_WARN_UNINITIALIZED_AUTOS = YES_AGGRESSIVE;
				GCC_WARN_UNUSED_FUNCTION = YES;
				GCC_WARN_UNUSED_VARIABLE = YES;
				IPHONEOS_DEPLOYMENT_TARGET = 15.2;
				MTL_ENABLE_DEBUG_INFO = INCLUDE_SOURCE;
				MTL_FAST_MATH = YES;
				ONLY_ACTIVE_ARCH = YES;
				SDKROOT = iphoneos;
				SWIFT_ACTIVE_COMPILATION_CONDITIONS = DEBUG;
				SWIFT_OPTIMIZATION_LEVEL = "-Onone";
			};
			name = Debug;
		};
		7FA04D43290FA95F00FCDEF4 /* Release */ = {
			isa = XCBuildConfiguration;
			buildSettings = {
				ALWAYS_SEARCH_USER_PATHS = NO;
				CLANG_ANALYZER_NONNULL = YES;
				CLANG_ANALYZER_NUMBER_OBJECT_CONVERSION = YES_AGGRESSIVE;
				CLANG_CXX_LANGUAGE_STANDARD = "gnu++17";
				CLANG_CXX_LIBRARY = "libc++";
				CLANG_ENABLE_MODULES = YES;
				CLANG_ENABLE_OBJC_ARC = YES;
				CLANG_ENABLE_OBJC_WEAK = YES;
				CLANG_WARN_BLOCK_CAPTURE_AUTORELEASING = YES;
				CLANG_WARN_BOOL_CONVERSION = YES;
				CLANG_WARN_COMMA = YES;
				CLANG_WARN_CONSTANT_CONVERSION = YES;
				CLANG_WARN_DEPRECATED_OBJC_IMPLEMENTATIONS = YES;
				CLANG_WARN_DIRECT_OBJC_ISA_USAGE = YES_ERROR;
				CLANG_WARN_DOCUMENTATION_COMMENTS = YES;
				CLANG_WARN_EMPTY_BODY = YES;
				CLANG_WARN_ENUM_CONVERSION = YES;
				CLANG_WARN_INFINITE_RECURSION = YES;
				CLANG_WARN_INT_CONVERSION = YES;
				CLANG_WARN_NON_LITERAL_NULL_CONVERSION = YES;
				CLANG_WARN_OBJC_IMPLICIT_RETAIN_SELF = YES;
				CLANG_WARN_OBJC_LITERAL_CONVERSION = YES;
				CLANG_WARN_OBJC_ROOT_CLASS = YES_ERROR;
				CLANG_WARN_QUOTED_INCLUDE_IN_FRAMEWORK_HEADER = YES;
				CLANG_WARN_RANGE_LOOP_ANALYSIS = YES;
				CLANG_WARN_STRICT_PROTOTYPES = YES;
				CLANG_WARN_SUSPICIOUS_MOVE = YES;
				CLANG_WARN_UNGUARDED_AVAILABILITY = YES_AGGRESSIVE;
				CLANG_WARN_UNREACHABLE_CODE = YES;
				CLANG_WARN__DUPLICATE_METHOD_MATCH = YES;
				COPY_PHASE_STRIP = NO;
				DEBUG_INFORMATION_FORMAT = "dwarf-with-dsym";
				ENABLE_NS_ASSERTIONS = NO;
				ENABLE_STRICT_OBJC_MSGSEND = YES;
				GCC_C_LANGUAGE_STANDARD = gnu11;
				GCC_NO_COMMON_BLOCKS = YES;
				GCC_WARN_64_TO_32_BIT_CONVERSION = YES;
				GCC_WARN_ABOUT_RETURN_TYPE = YES_ERROR;
				GCC_WARN_UNDECLARED_SELECTOR = YES;
				GCC_WARN_UNINITIALIZED_AUTOS = YES_AGGRESSIVE;
				GCC_WARN_UNUSED_FUNCTION = YES;
				GCC_WARN_UNUSED_VARIABLE = YES;
				IPHONEOS_DEPLOYMENT_TARGET = 15.2;
				MTL_ENABLE_DEBUG_INFO = NO;
				MTL_FAST_MATH = YES;
				SDKROOT = iphoneos;
				SWIFT_COMPILATION_MODE = wholemodule;
				SWIFT_OPTIMIZATION_LEVEL = "-O";
				VALIDATE_PRODUCT = YES;
			};
			name = Release;
		};
		7FA04D45290FA95F00FCDEF4 /* Debug */ = {
			isa = XCBuildConfiguration;
			buildSettings = {
				ASSETCATALOG_COMPILER_APPICON_NAME = AppIcon;
				ASSETCATALOG_COMPILER_GLOBAL_ACCENT_COLOR_NAME = AccentColor;
				CODE_SIGN_STYLE = Automatic;
				CURRENT_PROJECT_VERSION = 1;
				GENERATE_INFOPLIST_FILE = YES;
				INFOPLIST_FILE = TaxiApp/Info.plist;
				INFOPLIST_KEY_UIApplicationSupportsIndirectInputEvents = YES;
				INFOPLIST_KEY_UILaunchStoryboardName = LaunchScreen;
				INFOPLIST_KEY_UISupportedInterfaceOrientations = UIInterfaceOrientationPortrait;
				INFOPLIST_KEY_UISupportedInterfaceOrientations_iPad = "UIInterfaceOrientationPortrait UIInterfaceOrientationPortraitUpsideDown UIInterfaceOrientationLandscapeLeft UIInterfaceOrientationLandscapeRight";
				INFOPLIST_KEY_UISupportedInterfaceOrientations_iPhone = "UIInterfaceOrientationPortrait UIInterfaceOrientationLandscapeLeft UIInterfaceOrientationLandscapeRight";
				IPHONEOS_DEPLOYMENT_TARGET = 14.0;
				LD_RUNPATH_SEARCH_PATHS = (
					"$(inherited)",
					"@executable_path/Frameworks",
				);
				MARKETING_VERSION = 1.0;
				PRODUCT_BUNDLE_IDENTIFIER = kr.co.architecture.TaxiApp;
				PRODUCT_NAME = "$(TARGET_NAME)";
				SWIFT_EMIT_LOC_STRINGS = YES;
				SWIFT_VERSION = 5.0;
				TARGETED_DEVICE_FAMILY = 1;
			};
			name = Debug;
		};
		7FA04D46290FA95F00FCDEF4 /* Release */ = {
			isa = XCBuildConfiguration;
			buildSettings = {
				ASSETCATALOG_COMPILER_APPICON_NAME = AppIcon;
				ASSETCATALOG_COMPILER_GLOBAL_ACCENT_COLOR_NAME = AccentColor;
				CODE_SIGN_STYLE = Automatic;
				CURRENT_PROJECT_VERSION = 1;
				GENERATE_INFOPLIST_FILE = YES;
				INFOPLIST_FILE = TaxiApp/Info.plist;
				INFOPLIST_KEY_UIApplicationSupportsIndirectInputEvents = YES;
				INFOPLIST_KEY_UILaunchStoryboardName = LaunchScreen;
				INFOPLIST_KEY_UISupportedInterfaceOrientations = UIInterfaceOrientationPortrait;
				INFOPLIST_KEY_UISupportedInterfaceOrientations_iPad = "UIInterfaceOrientationPortrait UIInterfaceOrientationPortraitUpsideDown UIInterfaceOrientationLandscapeLeft UIInterfaceOrientationLandscapeRight";
				INFOPLIST_KEY_UISupportedInterfaceOrientations_iPhone = "UIInterfaceOrientationPortrait UIInterfaceOrientationLandscapeLeft UIInterfaceOrientationLandscapeRight";
				IPHONEOS_DEPLOYMENT_TARGET = 14.0;
				LD_RUNPATH_SEARCH_PATHS = (
					"$(inherited)",
					"@executable_path/Frameworks",
				);
				MARKETING_VERSION = 1.0;
				PRODUCT_BUNDLE_IDENTIFIER = kr.co.architecture.TaxiApp;
				PRODUCT_NAME = "$(TARGET_NAME)";
				SWIFT_EMIT_LOC_STRINGS = YES;
				SWIFT_VERSION = 5.0;
				TARGETED_DEVICE_FAMILY = 1;
			};
			name = Release;
		};
/* End XCBuildConfiguration section */

/* Begin XCConfigurationList section */
		7FA04D2B290FA95D00FCDEF4 /* Build configuration list for PBXProject "TaxiApp" */ = {
			isa = XCConfigurationList;
			buildConfigurations = (
				7FA04D42290FA95F00FCDEF4 /* Debug */,
				7FA04D43290FA95F00FCDEF4 /* Release */,
			);
			defaultConfigurationIsVisible = 0;
			defaultConfigurationName = Release;
		};
		7FA04D44290FA95F00FCDEF4 /* Build configuration list for PBXNativeTarget "TaxiApp" */ = {
			isa = XCConfigurationList;
			buildConfigurations = (
				7FA04D45290FA95F00FCDEF4 /* Debug */,
				7FA04D46290FA95F00FCDEF4 /* Release */,
			);
			defaultConfigurationIsVisible = 0;
			defaultConfigurationName = Release;
		};
/* End XCConfigurationList section */

/* Begin XCRemoteSwiftPackageReference section */
		7FA04DA2290FAA8B00FCDEF4 /* XCRemoteSwiftPackageReference "ModernRIBs" */ = {
			isa = XCRemoteSwiftPackageReference;
			repositoryURL = "https://github.com/DevYeom/ModernRIBs";
			requirement = {
				kind = upToNextMajorVersion;
				minimumVersion = 1.0.1;
			};
		};
/* End XCRemoteSwiftPackageReference section */

/* Begin XCSwiftPackageProductDependency section */
		7FA04DA3290FAA8B00FCDEF4 /* ModernRIBs */ = {
			isa = XCSwiftPackageProductDependency;
			package = 7FA04DA2290FAA8B00FCDEF4 /* XCRemoteSwiftPackageReference "ModernRIBs" */;
			productName = ModernRIBs;
		};
/* End XCSwiftPackageProductDependency section */
	};
	rootObject = 7FA04D28290FA95D00FCDEF4 /* Project object */;
}
